<?xml version='1.0' encoding='utf-8'?>
<Project xmlns="http://schemas.microsoft.com/developer/msbuild/2003" ToolsVersion="4.0">
  <ItemGroup>
    <Filter Include="Header Files">
      <UniqueIdentifier>{1680C80B-FF1E-EA4D-9817-CC12254F2E40}</UniqueIdentifier>
      <Extensions>h;hh;hpp;hxx;h++;hm</Extensions>
    </Filter>
    <Filter Include="Header Files\Editor">
      <UniqueIdentifier>{F219D2D8-EF9B-8554-02D8-EE4C55197BD2}</UniqueIdentifier>
    </Filter>
    <Filter Include="Header Files\Engine">
      <UniqueIdentifier>{A9977944-E96C-5354-00E9-10543AF3AD45}</UniqueIdentifier>
    </Filter>
    <Filter Include="Header Files\Engine\Animation">
      <UniqueIdentifier>{7C0F7746-7C5A-EEF2-7BB2-6623F0779C7C}</UniqueIdentifier>
    </Filter>
    <Filter Include="Header Files\Engine\Audio">
      <UniqueIdentifier>{05324693-0E64-A9AC-3B9E-B232A7B52A99}</UniqueIdentifier>
    </Filter>
    <Filter Include="Header Files\Engine\Core">
      <UniqueIdentifier>{6EFEC092-2688-31CD-9110-0031F2F76F7C}</UniqueIdentifier>
    </Filter>
    <Filter Include="Header Files\Engine\Graphics">
      <UniqueIdentifier>{C4CDDACA-55FE-43E6-0CFE-339C4A13647E}</UniqueIdentifier>
    </Filter>
    <Filter Include="Header Files\Engine\Graphics\Materials">
      <UniqueIdentifier>{093CBC65-2DA0-7347-F5AD-5D6908748257}</UniqueIdentifier>
    </Filter>
    <Filter Include="Header Files\Engine\Graphics\RHI">
      <UniqueIdentifier>{8303B3A5-6015-7E94-628F-B1BD5F0EA8B6}</UniqueIdentifier>
    </Filter>
    <Filter Include="Header Files\Engine\Graphics\RHI\DirectX12">
      <UniqueIdentifier>{811E5796-2A1C-1D44-F7CC-D129F4BB751E}</UniqueIdentifier>
    </Filter>
    <Filter Include="Header Files\Engine\Graphics\RHI\Vulkan">
      <UniqueIdentifier>{8F70A3B9-3A38-963F-1F48-C3D7C084ECBA}</UniqueIdentifier>
    </Filter>
    <Filter Include="Header Files\Engine\Graphics\Shaders">
      <UniqueIdentifier>{384F1FDD-6DEF-BA92-AC09-CAB6F28C07B9}</UniqueIdentifier>
    </Filter>
    <Filter Include="Header Files\Engine\Graphics\UI">
      <UniqueIdentifier>{EDC0D529-ACE4-301E-DE7C-E23C44D3A9E6}</UniqueIdentifier>
    </Filter>
    <Filter Include="Header Files\Engine\Physics">
      <UniqueIdentifier>{6F76A7E5-6E8B-D064-6369-AD0A6DEEDE0A}</UniqueIdentifier>
    </Filter>
    <Filter Include="Header Files\Engine\Resources">
      <UniqueIdentifier>{6CC5C8F9-A42D-7067-073A-29110D03510B}</UniqueIdentifier>
    </Filter>
    <Filter Include="Resource Files">
      <UniqueIdentifier>{FA3635CE-6C7C-7DE5-DDEB-60602507503F}</UniqueIdentifier>
      <Extensions>rc;ico;cur;bmp;dlg;rc2;rct;bin;rgs;gif;jpg;jpeg;jpe;resx;tiff;tif;png;wav</Extensions>
    </Filter>
    <Filter Include="Resource Files\3rdParty">
      <UniqueIdentifier>{FFEA2939-42D4-1493-DE1C-60F22624350A}</UniqueIdentifier>
    </Filter>
    <Filter Include="Resource Files\3rdParty\GLFW">
      <UniqueIdentifier>{D6415D86-6C6E-C9C2-54AE-821EA4FCD390}</UniqueIdentifier>
    </Filter>
    <Filter Include="Resource Files\3rdParty\Mono">
      <UniqueIdentifier>{22D787AB-146E-FCB2-33D7-22289299979F}</UniqueIdentifier>
    </Filter>
    <Filter Include="Resource Files\Assets">
      <UniqueIdentifier>{8CA5BF1E-CEF0-7512-0CCD-C1C2FA1FAAC3}</UniqueIdentifier>
    </Filter>
    <Filter Include="Resource Files\Assets\Icon">
      <UniqueIdentifier>{E2D26558-5BD7-FB54-40A0-55E6D884C232}</UniqueIdentifier>
    </Filter>
    <Filter Include="Resource Files\Assets\Materials">
      <UniqueIdentifier>{FBC4D797-A45F-4B5B-24FF-F53A044F4E1E}</UniqueIdentifier>
    </Filter>
    <Filter Include="Resource Files\Assets\Shaders">
      <UniqueIdentifier>{5E1E8C91-A2C3-47D5-7982-18891AA23553}</UniqueIdentifier>
    </Filter>
    <Filter Include="Source Files">
      <UniqueIdentifier>{BA03E055-4FA2-FCE3-8A1C-D348547D379C}</UniqueIdentifier>
      <Extensions>cpp;c;cc;cxx;c++</Extensions>
    </Filter>
    <Filter Include="Source Files\3rdParty">
      <UniqueIdentifier>{6F54F96C-1EED-B7BD-7EC5-AE11C749D60D}</UniqueIdentifier>
    </Filter>
    <Filter Include="Source Files\3rdParty\GLAD">
      <UniqueIdentifier>{0DCF01EF-C789-6EF6-98B3-398D9B9ACD02}</UniqueIdentifier>
    </Filter>
    <Filter Include="Source Files\3rdParty\GLM">
      <UniqueIdentifier>{D8A633A5-D589-81B7-14C7-27400875ED2B}</UniqueIdentifier>
    </Filter>
    <Filter Include="Source Files\3rdParty\GLM\detail">
      <UniqueIdentifier>{AE975C5D-1B3B-6277-510C-164DC47B7A23}</UniqueIdentifier>
    </Filter>
    <Filter Include="Source Files\3rdParty\ImGui">
      <UniqueIdentifier>{727CD9DA-252C-1AE6-636F-F83522CFA738}</UniqueIdentifier>
    </Filter>
    <Filter Include="Source Files\3rdParty\ImGuizmo">
      <UniqueIdentifier>{015C0738-57F1-8E6E-0647-7040A5E84172}</UniqueIdentifier>
    </Filter>
    <Filter Include="Source Files\Editor">
      <UniqueIdentifier>{62A8B704-B427-17C5-D0E3-05A77F29AFCA}</UniqueIdentifier>
    </Filter>
    <Filter Include="Source Files\Engine">
      <UniqueIdentifier>{3BC5273C-D80A-3936-3D84-35FC7E6269AE}</UniqueIdentifier>
    </Filter>
    <Filter Include="Source Files\Engine\Animation">
      <UniqueIdentifier>{5874E8A9-42F9-E129-F49B-3418459798C4}</UniqueIdentifier>
    </Filter>
    <Filter Include="Source Files\Engine\Audio">
      <UniqueIdentifier>{676F740C-D71E-6974-042D-C3B2998451E1}</UniqueIdentifier>
    </Filter>
    <Filter Include="Source Files\Engine\Core">
      <UniqueIdentifier>{537CFD3F-2248-F699-8C48-761A052F2ACD}</UniqueIdentifier>
    </Filter>
    <Filter Include="Source Files\Engine\Graphics">
      <UniqueIdentifier>{2B911684-ACEE-4EBE-1991-BFFF30222DDD}</UniqueIdentifier>
    </Filter>
    <Filter Include="Source Files\Engine\Graphics\Materials">
      <UniqueIdentifier>{AB3A903E-6195-8ED8-F274-C6C69484ADE5}</UniqueIdentifier>
    </Filter>
    <Filter Include="Source Files\Engine\Graphics\RHI">
      <UniqueIdentifier>{B8350549-A2E1-49DD-484B-EA2206257F07}</UniqueIdentifier>
    </Filter>
    <Filter Include="Source Files\Engine\Graphics\RHI\DirectX12">
      <UniqueIdentifier>{F9AE9415-ADCF-4B34-0522-BBEF075379E0}</UniqueIdentifier>
    </Filter>
    <Filter Include="Source Files\Engine\Graphics\RHI\Vulkan">
      <UniqueIdentifier>{C3F9B944-E0A1-1D47-E2E8-34F971EA5D94}</UniqueIdentifier>
    </Filter>
    <Filter Include="Source Files\Engine\Graphics\Shaders">
      <UniqueIdentifier>{2A68D28B-53B1-0E45-AA8A-35DDBE3774CE}</UniqueIdentifier>
    </Filter>
    <Filter Include="Source Files\Engine\Graphics\UI">
      <UniqueIdentifier>{DC2EE7D2-A952-AD50-41CF-9F3E52247A2D}</UniqueIdentifier>
    </Filter>
    <Filter Include="Source Files\Engine\Physics">
      <UniqueIdentifier>{D0F73680-8660-46DB-5804-04F157DAE0DE}</UniqueIdentifier>
    </Filter>
    <Filter Include="Source Files\Engine\Resources">
      <UniqueIdentifier>{A1BDD7D9-1DE4-7EB8-6F1A-C6B772BA3706}</UniqueIdentifier>
    </Filter>
  </ItemGroup>
  <ItemGroup>
    <ClInclude Include="Editor\AssetHealthWindow.h">
      <Filter>Header Files\Editor</Filter>
    </ClInclude>
    <ClInclude Include="Editor\AssetPreviewUtils.h">
      <Filter>Header Files\Editor</Filter>
    </ClInclude>
    <ClInclude Include="Editor\BuildSystem.h">
      <Filter>Header Files\Editor</Filter>
    </ClInclude>
    <ClInclude Include="Editor\ComponentInspectorWidgets.h">
      <Filter>Header Files\Editor</Filter>
    </ClInclude>
    <ClInclude Include="Editor\Editor.h">
      <Filter>Header Files\Editor</Filter>
    </ClInclude>
    <ClInclude Include="Editor\InspectorWindow.h">
      <Filter>Header Files\Editor</Filter>
    </ClInclude>
    <ClInclude Include="Editor\LayoutManager.h">
      <Filter>Header Files\Editor</Filter>
    </ClInclude>
    <ClInclude Include="Editor\ProjectWindow.h">
      <Filter>Header Files\Editor</Filter>
    </ClInclude>
    <ClInclude Include="Editor\RenderTargetImageUV.h">
      <Filter>Header Files\Editor</Filter>
    </ClInclude>
    <ClInclude Include="Editor\SceneWindow.h">
      <Filter>Header Files\Editor</Filter>
    </ClInclude>
    <ClInclude Include="Engine\Animation\AnimatorComponent.h">
      <Filter>Header Files\Engine\Animation</Filter>
    </ClInclude>
    <ClInclude Include="Engine\Audio\AudioEngine.h">
      <Filter>Header Files\Engine\Audio</Filter>
    </ClInclude>
    <ClInclude Include="Engine\Core\CSharpScript.h">
      <Filter>Header Files\Engine\Core</Filter>
    </ClInclude>
    <ClInclude Include="Engine\Core\CSharpScriptCompiler.h">
      <Filter>Header Files\Engine\Core</Filter>
    </ClInclude>
    <ClInclude Include="Engine\Core\Component.h">
      <Filter>Header Files\Engine\Core</Filter>
    </ClInclude>
    <ClInclude Include="Engine\Core\Engine.h">
      <Filter>Header Files\Engine\Core</Filter>
    </ClInclude>
    <ClInclude Include="Engine\Core\EngineLifecycle.h">
      <Filter>Header Files\Engine\Core</Filter>
    </ClInclude>
    <ClInclude Include="Engine\Core\GameObject.h">
      <Filter>Header Files\Engine\Core</Filter>
    </ClInclude>
    <ClInclude Include="Engine\Core\GameObjectJson.h">
      <Filter>Header Files\Engine\Core</Filter>
    </ClInclude>
    <ClInclude Include="Engine\Core\GlfwWindow.h">
      <Filter>Header Files\Engine\Core</Filter>
    </ClInclude>
    <ClInclude Include="Engine\Core\IWindow.h">
      <Filter>Header Files\Engine\Core</Filter>
    </ClInclude>
    <ClInclude Include="Engine\Core\Input.h">
      <Filter>Header Files\Engine\Core</Filter>
    </ClInclude>
    <ClInclude Include="Engine\Core\InputKeyCodes.h">
      <Filter>Header Files\Engine\Core</Filter>
    </ClInclude>
    <ClInclude Include="Engine\Core\JsonConfig.h">
      <Filter>Header Files\Engine\Core</Filter>
    </ClInclude>
    <ClInclude Include="Engine\Core\JsonSceneSchema.h">
      <Filter>Header Files\Engine\Core</Filter>
    </ClInclude>
    <ClInclude Include="Engine\Core\JsonValue.h">
      <Filter>Header Files\Engine\Core</Filter>
    </ClInclude>
    <ClInclude Include="Engine\Core\Logger.h">
      <Filter>Header Files\Engine\Core</Filter>
    </ClInclude>
    <ClInclude Include="Engine\Core\MonoRuntime.h">
      <Filter>Header Files\Engine\Core</Filter>
    </ClInclude>
    <ClInclude Include="Engine\Core\PathUtils.h">
      <Filter>Header Files\Engine\Core</Filter>
    </ClInclude>
    <ClInclude Include="Engine\Core\PrefabAsset.h">
      <Filter>Header Files\Engine\Core</Filter>
    </ClInclude>
    <ClInclude Include="Engine\Core\ProjectManager.h">
      <Filter>Header Files\Engine\Core</Filter>
    </ClInclude>
    <ClInclude Include="Engine\Core\RuntimeContext.h">
      <Filter>Header Files\Engine\Core</Filter>
    </ClInclude>
    <ClInclude Include="Engine\Core\Scene.h">
      <Filter>Header Files\Engine\Core</Filter>
    </ClInclude>
    <ClInclude Include="Engine\Core\ScriptFileWatcher.h">
      <Filter>Header Files\Engine\Core</Filter>
    </ClInclude>
    <ClInclude Include="Engine\Graphics\Camera.h">
      <Filter>Header Files\Engine\Graphics</Filter>
    </ClInclude>
    <ClInclude Include="Engine\Graphics\Materials\MaterialAsset.h">
      <Filter>Header Files\Engine\Graphics\Materials</Filter>
    </ClInclude>
    <ClInclude Include="Engine\Graphics\ParticleSystemComponent.h">
      <Filter>Header Files\Engine\Graphics</Filter>
    </ClInclude>
    <ClInclude Include="Engine\Graphics\RHI\DirectX12\DirectX12Renderer.h">
      <Filter>Header Files\Engine\Graphics\RHI\DirectX12</Filter>
    </ClInclude>
    <ClInclude Include="Engine\Graphics\RHI\GLRenderer.h">
      <Filter>Header Files\Engine\Graphics\RHI</Filter>
    </ClInclude>
    <ClInclude Include="Engine\Graphics\RHI\IRenderer.h">
      <Filter>Header Files\Engine\Graphics\RHI</Filter>
    </ClInclude>
    <ClInclude Include="Engine\Graphics\RHI\Vulkan\VulkanRenderer.h">
      <Filter>Header Files\Engine\Graphics\RHI\Vulkan</Filter>
    </ClInclude>
    <ClInclude Include="Engine\Graphics\Shaders\CompiledShader.h">
      <Filter>Header Files\Engine\Graphics\Shaders</Filter>
    </ClInclude>
    <ClInclude Include="Engine\Graphics\Shaders\ShaderAsset.h">
      <Filter>Header Files\Engine\Graphics\Shaders</Filter>
    </ClInclude>
    <ClInclude Include="Engine\Graphics\Shaders\ShaderCompiler.h">
      <Filter>Header Files\Engine\Graphics\Shaders</Filter>
    </ClInclude>
    <ClInclude Include="Engine\Graphics\UI\FontAtlas.h">
      <Filter>Header Files\Engine\Graphics\UI</Filter>
    </ClInclude>
    <ClInclude Include="Engine\Graphics\UI\UIRenderer.h">
      <Filter>Header Files\Engine\Graphics\UI</Filter>
    </ClInclude>
    <ClInclude Include="Engine\Physics\CollisionShape.h">
      <Filter>Header Files\Engine\Physics</Filter>
    </ClInclude>
    <ClInclude Include="Engine\Physics\GJK.h">
      <Filter>Header Files\Engine\Physics</Filter>
    </ClInclude>
    <ClInclude Include="Engine\Physics\ParallelPhysics.h">
      <Filter>Header Files\Engine\Physics</Filter>
    </ClInclude>
    <ClInclude Include="Engine\Physics\Physics.h">
      <Filter>Header Files\Engine\Physics</Filter>
    </ClInclude>
    <ClInclude Include="Engine\Physics\Physics2D.h">
      <Filter>Header Files\Engine\Physics</Filter>
    </ClInclude>
    <ClInclude Include="Engine\Physics\PhysicsMaterial2DAsset.h">
      <Filter>Header Files\Engine\Physics</Filter>
    </ClInclude>
    <ClInclude Include="Engine\Physics\ThreadPool.h">
      <Filter>Header Files\Engine\Physics</Filter>
    </ClInclude>
    <ClInclude Include="Engine\Resources\AssetDatabase.h">
      <Filter>Header Files\Engine\Resources</Filter>
    </ClInclude>
    <ClInclude Include="Engine\Resources\AssetPath.h">
      <Filter>Header Files\Engine\Resources</Filter>
    </ClInclude>
    <ClInclude Include="Engine\Resources\AssetReferenceIO.h">
      <Filter>Header Files\Engine\Resources</Filter>
    </ClInclude>
    <ClInclude Include="Engine\Resources\Resource.h">
      <Filter>Header Files\Engine\Resources</Filter>
    </ClInclude>
    <ClInclude Include="resource.h">
      <Filter>Header Files</Filter>
    </ClInclude>
  </ItemGroup>
  <ItemGroup>
    <ClCompile Include="3rdParty\GLAD\glad.c">
      <Filter>Source Files\3rdParty\GLAD</Filter>
    </ClCompile>
    <ClCompile Include="3rdParty\GLM\detail\glm.cpp">
      <Filter>Source Files\3rdParty\GLM\detail</Filter>
    </ClCompile>
    <ClCompile Include="3rdParty\ImGui\imgui.cpp">
      <Filter>Source Files\3rdParty\ImGui</Filter>
    </ClCompile>
    <ClCompile Include="3rdParty\ImGui\imgui_demo.cpp">
      <Filter>Source Files\3rdParty\ImGui</Filter>
    </ClCompile>
    <ClCompile Include="3rdParty\ImGui\imgui_draw.cpp">
      <Filter>Source Files\3rdParty\ImGui</Filter>
    </ClCompile>
    <ClCompile Include="3rdParty\ImGui\imgui_impl_glfw.cpp">
      <Filter>Source Files\3rdParty\ImGui</Filter>
    </ClCompile>
    <ClCompile Include="3rdParty\ImGui\imgui_impl_opengl3.cpp">
      <Filter>Source Files\3rdParty\ImGui</Filter>
    </ClCompile>
    <ClCompile Include="3rdParty\ImGui\imgui_impl_vulkan.cpp">
      <Filter>Source Files\3rdParty\ImGui</Filter>
    </ClCompile>
    <ClCompile Include="3rdParty\ImGui\imgui_impl_win32.cpp">
      <Filter>Source Files\3rdParty\ImGui</Filter>
    </ClCompile>
    <ClCompile Include="3rdParty\ImGui\imgui_tables.cpp">
      <Filter>Source Files\3rdParty\ImGui</Filter>
    </ClCompile>
    <ClCompile Include="3rdParty\ImGui\imgui_widgets.cpp">
      <Filter>Source Files\3rdParty\ImGui</Filter>
    </ClCompile>
    <ClCompile Include="3rdParty\ImGuizmo\ImGuizmo.cpp">
      <Filter>Source Files\3rdParty\ImGuizmo</Filter>
    </ClCompile>
    <ClCompile Include="Editor\AssetHealthWindow.cpp">
      <Filter>Source Files\Editor</Filter>
    </ClCompile>
    <ClCompile Include="Editor\AssetPreviewUtils.cpp">
      <Filter>Source Files\Editor</Filter>
    </ClCompile>
    <ClCompile Include="Editor\BuildSystem.cpp">
      <Filter>Source Files\Editor</Filter>
    </ClCompile>
    <ClCompile Include="Editor\ComponentInspectorWidgets.cpp">
      <Filter>Source Files\Editor</Filter>
    </ClCompile>
    <ClCompile Include="Editor\ComponentInspectors_Audio.cpp">
      <Filter>Source Files\Editor</Filter>
    </ClCompile>
    <ClCompile Include="Editor\ComponentInspectors_Core.cpp">
      <Filter>Source Files\Editor</Filter>
    </ClCompile>
    <ClCompile Include="Editor\ComponentInspectors_Physics.cpp">
      <Filter>Source Files\Editor</Filter>
    </ClCompile>
    <ClCompile Include="Editor\ComponentInspectors_Rendering.cpp">
      <Filter>Source Files\Editor</Filter>
    </ClCompile>
    <ClCompile Include="Editor\ComponentInspectors_UI.cpp">
      <Filter>Source Files\Editor</Filter>
    </ClCompile>
    <ClCompile Include="Editor\Editor.cpp">
      <Filter>Source Files\Editor</Filter>
    </ClCompile>
    <ClCompile Include="Editor\InspectorWindow.cpp">
      <Filter>Source Files\Editor</Filter>
    </ClCompile>
    <ClCompile Include="Editor\LayoutManager.cpp">
      <Filter>Source Files\Editor</Filter>
    </ClCompile>
    <ClCompile Include="Editor\ProjectWindow.cpp">
      <Filter>Source Files\Editor</Filter>
    </ClCompile>
    <ClCompile Include="Editor\SceneWindow.cpp">
      <Filter>Source Files\Editor</Filter>
    </ClCompile>
    <ClCompile Include="Engine\Animation\AnimatorComponent.cpp">
      <Filter>Source Files\Engine\Animation</Filter>
    </ClCompile>
    <ClCompile Include="Engine\Audio\AudioEngine.cpp">
      <Filter>Source Files\Engine\Audio</Filter>
    </ClCompile>
    <ClCompile Include="Engine\Core\CSharpScript.cpp">
      <Filter>Source Files\Engine\Core</Filter>
    </ClCompile>
    <ClCompile Include="Engine\Core\CSharpScriptCompiler.cpp">
      <Filter>Source Files\Engine\Core</Filter>
    </ClCompile>
    <ClCompile Include="Engine\Core\Engine.cpp">
      <Filter>Source Files\Engine\Core</Filter>
    </ClCompile>
    <ClCompile Include="Engine\Core\EngineLifecycle.cpp">
      <Filter>Source Files\Engine\Core</Filter>
    </ClCompile>
    <ClCompile Include="Engine\Core\GameObject.cpp">
      <Filter>Source Files\Engine\Core</Filter>
    </ClCompile>
    <ClCompile Include="Engine\Core\GameObjectJson.cpp">
      <Filter>Source Files\Engine\Core</Filter>
    </ClCompile>
    <ClCompile Include="Engine\Core\GlfwWindow.cpp">
      <Filter>Source Files\Engine\Core</Filter>
    </ClCompile>
    <ClCompile Include="Engine\Core\Input.cpp">
      <Filter>Source Files\Engine\Core</Filter>
    </ClCompile>
    <ClCompile Include="Engine\Core\JsonConfig.cpp">
      <Filter>Source Files\Engine\Core</Filter>
    </ClCompile>
    <ClCompile Include="Engine\Core\JsonSceneSchema.cpp">
      <Filter>Source Files\Engine\Core</Filter>
    </ClCompile>
    <ClCompile Include="Engine\Core\JsonValue.cpp">
      <Filter>Source Files\Engine\Core</Filter>
    </ClCompile>
    <ClCompile Include="Engine\Core\Logger.cpp">
      <Filter>Source Files\Engine\Core</Filter>
    </ClCompile>
    <ClCompile Include="Engine\Core\MonoRuntime.cpp">
      <Filter>Source Files\Engine\Core</Filter>
    </ClCompile>
    <ClCompile Include="Engine\Core\PathUtils.cpp">
      <Filter>Source Files\Engine\Core</Filter>
    </ClCompile>
    <ClCompile Include="Engine\Core\PrefabAsset.cpp">
      <Filter>Source Files\Engine\Core</Filter>
    </ClCompile>
    <ClCompile Include="Engine\Core\ProjectManager.cpp">
      <Filter>Source Files\Engine\Core</Filter>
    </ClCompile>
    <ClCompile Include="Engine\Core\RuntimeContext.cpp">
      <Filter>Source Files\Engine\Core</Filter>
    </ClCompile>
    <ClCompile Include="Engine\Core\Scene.cpp">
      <Filter>Source Files\Engine\Core</Filter>
    </ClCompile>
    <ClCompile Include="Engine\Core\SceneRaycast.cpp">
      <Filter>Source Files\Engine\Core</Filter>
    </ClCompile>
    <ClCompile Include="Engine\Core\SceneSerialization.cpp">
      <Filter>Source Files\Engine\Core</Filter>
    </ClCompile>
    <ClCompile Include="Engine\Core\ScriptFileWatcher.cpp">
      <Filter>Source Files\Engine\Core</Filter>
    </ClCompile>
    <ClCompile Include="Engine\Graphics\Camera.cpp">
      <Filter>Source Files\Engine\Graphics</Filter>
    </ClCompile>
    <ClCompile Include="Engine\Graphics\Materials\MaterialAsset.cpp">
      <Filter>Source Files\Engine\Graphics\Materials</Filter>
    </ClCompile>
    <ClCompile Include="Engine\Graphics\ParticleSystemComponent.cpp">
      <Filter>Source Files\Engine\Graphics</Filter>
    </ClCompile>
    <ClCompile Include="Engine\Graphics\RHI\DirectX12\DirectX12Renderer.cpp">
      <Filter>Source Files\Engine\Graphics\RHI\DirectX12</Filter>
    </ClCompile>
    <ClCompile Include="Engine\Graphics\RHI\GLRenderer.cpp">
      <Filter>Source Files\Engine\Graphics\RHI</Filter>
    </ClCompile>
    <ClCompile Include="Engine\Graphics\RHI\Vulkan\VulkanRenderer.cpp">
      <Filter>Source Files\Engine\Graphics\RHI\Vulkan</Filter>
    </ClCompile>
    <ClCompile Include="Engine\Graphics\RHI\Vulkan\VulkanRenderer_Resources.cpp">
      <Filter>Source Files\Engine\Graphics\RHI\Vulkan</Filter>
    </ClCompile>
    <ClCompile Include="Engine\Graphics\RHI\Vulkan\VulkanRenderer_Swapchain.cpp">
      <Filter>Source Files\Engine\Graphics\RHI\Vulkan</Filter>
    </ClCompile>
    <ClCompile Include="Engine\Graphics\Shaders\ShaderAsset.cpp">
      <Filter>Source Files\Engine\Graphics\Shaders</Filter>
    </ClCompile>
    <ClCompile Include="Engine\Graphics\Shaders\ShaderCompiler.cpp">
      <Filter>Source Files\Engine\Graphics\Shaders</Filter>
    </ClCompile>
    <ClCompile Include="Engine\Graphics\UI\FontAtlas.cpp">
      <Filter>Source Files\Engine\Graphics\UI</Filter>
    </ClCompile>
    <ClCompile Include="Engine\Graphics\UI\UIRenderer.cpp">
      <Filter>Source Files\Engine\Graphics\UI</Filter>
    </ClCompile>
    <ClCompile Include="Engine\Main.cpp">
      <Filter>Source Files\Engine</Filter>
    </ClCompile>
    <ClCompile Include="Engine\Physics\CollisionShape.cpp">
      <Filter>Source Files\Engine\Physics</Filter>
    </ClCompile>
    <ClCompile Include="Engine\Physics\GJK.cpp">
      <Filter>Source Files\Engine\Physics</Filter>
    </ClCompile>
    <ClCompile Include="Engine\Physics\ParallelPhysics.cpp">
      <Filter>Source Files\Engine\Physics</Filter>
    </ClCompile>
    <ClCompile Include="Engine\Physics\Physics.cpp">
      <Filter>Source Files\Engine\Physics</Filter>
    </ClCompile>
    <ClCompile Include="Engine\Physics\Physics2D.cpp">
      <Filter>Source Files\Engine\Physics</Filter>
    </ClCompile>
    <ClCompile Include="Engine\Physics\PhysicsMaterial2DAsset.cpp">
      <Filter>Source Files\Engine\Physics</Filter>
    </ClCompile>
    <ClCompile Include="Engine\Physics\ThreadPool.cpp">
      <Filter>Source Files\Engine\Physics</Filter>
    </ClCompile>
    <ClCompile Include="Engine\Resources\AssetDatabase.cpp">
      <Filter>Source Files\Engine\Resources</Filter>
    </ClCompile>
    <ClCompile Include="Engine\Resources\AssetPath.cpp">
      <Filter>Source Files\Engine\Resources</Filter>
    </ClCompile>
    <ClCompile Include="Engine\Resources\AssetReferenceIO.cpp">
      <Filter>Source Files\Engine\Resources</Filter>
    </ClCompile>
    <ClCompile Include="Engine\Resources\Resource.cpp">
      <Filter>Source Files\Engine\Resources</Filter>
    </ClCompile>
  </ItemGroup>
  <ItemGroup>
    <Image Include="Assets\Icon\Ditto.ico">
      <Filter>Resource Files\Assets\Icon</Filter>
    </Image>
    <Library Include="3rdParty\GLFW\glfw3.lib">
      <Filter>Resource Files\3rdParty\GLFW</Filter>
    </Library>
    <Library Include="3rdParty\GLFW\glfw3_mt.lib">
      <Filter>Resource Files\3rdParty\GLFW</Filter>
    </Library>
    <Library Include="3rdParty\GLFW\glfw3dll.lib">
      <Filter>Resource Files\3rdParty\GLFW</Filter>
    </Library>
    <None Include="3rdParty\GLFW\glfw3.dll">
      <Filter>Resource Files\3rdParty\GLFW</Filter>
    </None>
    <None Include="3rdParty\Mono\DittoEngine.cs">
      <Filter>Resource Files\3rdParty\Mono</Filter>
    </None>
    <None Include="Assets\Materials\Lit_Sprite.mat">
      <Filter>Resource Files\Assets\Materials</Filter>
    </None>
    <None Include="Assets\Materials\Lit_Toon.mat">
      <Filter>Resource Files\Assets\Materials</Filter>
    </None>
    <None Include="Assets\Shaders\Fragment.glsl">
      <Filter>Resource Files\Assets\Shaders</Filter>
    </None>
    <None Include="Assets\Shaders\Lit_Sprite.shader">
      <Filter>Resource Files\Assets\Shaders</Filter>
    </None>
    <None Include="Assets\Shaders\Lit_Toon.hlsl">
      <Filter>Resource Files\Assets\Shaders</Filter>
    </None>
    <None Include="Assets\Shaders\Lit_Toon.shader">
      <Filter>Resource Files\Assets\Shaders</Filter>
    </None>
    <None Include="Assets\Shaders\Vertex.glsl">
      <Filter>Resource Files\Assets\Shaders</Filter>
    </None>
    <ResourceCompile Include="Ditto.rc">
      <Filter>Resource Files</Filter>
    </ResourceCompile>
  </ItemGroup>
</Project>
